Microsoft Visual Studio Solution File, Format Version 12.00
# Visual Studio Version 17
VisualStudioVersion = 17.5.2.0
MinimumVisualStudioVersion = 10.0.40219.1
Project("{FAE04EC0-301F-11D3-BF4B-00C04F79EFBC}") = "PanTiltApp", "PanTiltApp\PanTiltApp.csproj", "{ADB4FF9A-8E06-B7B3-B232-FEC3D5639550}"
EndProject
Global
	GlobalSection(SolutionConfigurationPlatforms) = preSolution
		Debug|Any CPU = Debug|Any CPU
		Release|Any CPU = Release|Any CPU
	EndGlobalSection
	GlobalSection(ProjectConfigurationPlatforms) = postSolution
		{ADB4FF9A-8E06-B7B3-B232-FEC3D5639550}.Debug|Any CPU.ActiveCfg = Debug|Any CPU
		{ADB4FF9A-8E06-B7B3-B232-FEC3D5639550}.Debug|Any CPU.Build.0 = Debug|Any CPU
		{ADB4FF9A-8E06-B7B3-B232-FEC3D5639550}.Release|Any CPU.ActiveCfg = Release|Any CPU
		{ADB4FF9A-8E06-B7B3-B232-FEC3D5639550}.Release|Any CPU.Build.0 = Release|Any CPU
	EndGlobalSection
	GlobalSection(SolutionProperties) = preSolution
		HideSolutionNode = FALSE
	EndGlobalSection
	GlobalSection(ExtensibilityGlobals) = postSolution
		SolutionGuid = {03FB049E-718D-4A37-BFE6-1EFD8ADAD368}
	EndGlobalSection
EndGlobal
